
Microsoft Visual Studio Solution File, Format Version 12.00
# Visual Studio Version 17
VisualStudioVersion = 17.4.33110.190
MinimumVisualStudioVersion = 10.0.40219.1
Project("{FAE04EC0-301F-11D3-BF4B-00C04F79EFBC}") = "TestTomoriPertamina", "TestTomoriPertamina\TestTomoriPertamina.csproj", "{6474E6D9-A8B2-496B-BECD-47EAA0DFF664}"
EndProject
Global
	GlobalSection(SolutionConfigurationPlatforms) = preSolution
		Debug|Any CPU = Debug|Any CPU
		Release|Any CPU = Release|Any CPU
	EndGlobalSection
	GlobalSection(ProjectConfigurationPlatforms) = postSolution
		{6474E6D9-A8B2-496B-BECD-47EAA0DFF664}.Debug|Any CPU.ActiveCfg = Debug|Any CPU
		{6474E6D9-A8B2-496B-BECD-47EAA0DFF664}.Debug|Any CPU.Build.0 = Debug|Any CPU
		{6474E6D9-A8B2-496B-BECD-47EAA0DFF664}.Release|Any CPU.ActiveCfg = Release|Any CPU
		{6474E6D9-A8B2-496B-BECD-47EAA0DFF664}.Release|Any CPU.Build.0 = Release|Any CPU
	EndGlobalSection
	GlobalSection(SolutionProperties) = preSolution
		HideSolutionNode = FALSE
	EndGlobalSection
	GlobalSection(ExtensibilityGlobals) = postSolution
		SolutionGuid = {122B75CA-DB52-4922-8E75-8C4AB9758650}
	EndGlobalSection
EndGlobal
